
Microsoft Visual Studio Solution File, Format Version 12.00
# Visual Studio Version 16
VisualStudioVersion = 16.0.31515.178
MinimumVisualStudioVersion = 10.0.40219.1
Project("{FAE04EC0-301F-11D3-BF4B-00C04F79EFBC}") = "Abasto.Libreria", "Abasto.Libreria\Abasto.Libreria.csproj", "{1184D85B-6DB0-4AD0-B99E-318FE75DB20A}"
EndProject
Project("{FAE04EC0-301F-11D3-BF4B-00C04F79EFBC}") = "Abasto.Negocio.Api", "Abasto.Negocio.Api\Abasto.Negocio.Api.csproj", "{60E735CA-6950-4EB2-9EF5-96622188A6CC}"
EndProject
Project("{FAE04EC0-301F-11D3-BF4B-00C04F79EFBC}") = "Abasto.Negocio", "Abasto.Negocio\Abasto.Negocio.csproj", "{D3C30147-82A3-4ED6-98D5-E3BB40091916}"
EndProject
Global
	GlobalSection(SolutionConfigurationPlatforms) = preSolution
		Debug|Any CPU = Debug|Any CPU
		Release|Any CPU = Release|Any CPU
	EndGlobalSection
	GlobalSection(ProjectConfigurationPlatforms) = postSolution
		{1184D85B-6DB0-4AD0-B99E-318FE75DB20A}.Debug|Any CPU.ActiveCfg = Debug|Any CPU
		{1184D85B-6DB0-4AD0-B99E-318FE75DB20A}.Debug|Any CPU.Build.0 = Debug|Any CPU
		{1184D85B-6DB0-4AD0-B99E-318FE75DB20A}.Release|Any CPU.ActiveCfg = Release|Any CPU
		{1184D85B-6DB0-4AD0-B99E-318FE75DB20A}.Release|Any CPU.Build.0 = Release|Any CPU
		{60E735CA-6950-4EB2-9EF5-96622188A6CC}.Debug|Any CPU.ActiveCfg = Debug|Any CPU
		{60E735CA-6950-4EB2-9EF5-96622188A6CC}.Debug|Any CPU.Build.0 = Debug|Any CPU
		{60E735CA-6950-4EB2-9EF5-96622188A6CC}.Release|Any CPU.ActiveCfg = Release|Any CPU
		{60E735CA-6950-4EB2-9EF5-96622188A6CC}.Release|Any CPU.Build.0 = Release|Any CPU
		{D3C30147-82A3-4ED6-98D5-E3BB40091916}.Debug|Any CPU.ActiveCfg = Debug|Any CPU
		{D3C30147-82A3-4ED6-98D5-E3BB40091916}.Debug|Any CPU.Build.0 = Debug|Any CPU
		{D3C30147-82A3-4ED6-98D5-E3BB40091916}.Release|Any CPU.ActiveCfg = Release|Any CPU
		{D3C30147-82A3-4ED6-98D5-E3BB40091916}.Release|Any CPU.Build.0 = Release|Any CPU
	EndGlobalSection
	GlobalSection(SolutionProperties) = preSolution
		HideSolutionNode = FALSE
	EndGlobalSection
	GlobalSection(ExtensibilityGlobals) = postSolution
		SolutionGuid = {1353FBB7-7908-4602-ADC3-7DB0BD42280E}
	EndGlobalSection
EndGlobal
