
Microsoft Visual Studio Solution File, Format Version 12.00
# Visual Studio Version 16
VisualStudioVersion = 16.0.31515.178
MinimumVisualStudioVersion = 10.0.40219.1
Project("{FAE04EC0-301F-11D3-BF4B-00C04F79EFBC}") = "Abasto.Library", "Abasto.Library\Abasto.Library.csproj", "{EB9C6527-4E85-4590-AA48-93B17F6D54FC}"
EndProject
Project("{FAE04EC0-301F-11D3-BF4B-00C04F79EFBC}") = "Abasto.Library.Core", "Abasto.Library.Core\Abasto.Library.Core.csproj", "{C4366FCD-079F-41C6-902D-E25E7AA9B7B3}"
EndProject
Project("{FAE04EC0-301F-11D3-BF4B-00C04F79EFBC}") = "Abasto.Extensions", "Abasto.Extensions\Abasto.Extensions.csproj", "{608D7983-89BC-4531-A304-738EFE5466FF}"
EndProject
Global
	GlobalSection(SolutionConfigurationPlatforms) = preSolution
		Debug|Any CPU = Debug|Any CPU
		Release|Any CPU = Release|Any CPU
	EndGlobalSection
	GlobalSection(ProjectConfigurationPlatforms) = postSolution
		{EB9C6527-4E85-4590-AA48-93B17F6D54FC}.Debug|Any CPU.ActiveCfg = Debug|Any CPU
		{EB9C6527-4E85-4590-AA48-93B17F6D54FC}.Debug|Any CPU.Build.0 = Debug|Any CPU
		{EB9C6527-4E85-4590-AA48-93B17F6D54FC}.Release|Any CPU.ActiveCfg = Release|Any CPU
		{EB9C6527-4E85-4590-AA48-93B17F6D54FC}.Release|Any CPU.Build.0 = Release|Any CPU
		{C4366FCD-079F-41C6-902D-E25E7AA9B7B3}.Debug|Any CPU.ActiveCfg = Debug|Any CPU
		{C4366FCD-079F-41C6-902D-E25E7AA9B7B3}.Debug|Any CPU.Build.0 = Debug|Any CPU
		{C4366FCD-079F-41C6-902D-E25E7AA9B7B3}.Release|Any CPU.ActiveCfg = Release|Any CPU
		{C4366FCD-079F-41C6-902D-E25E7AA9B7B3}.Release|Any CPU.Build.0 = Release|Any CPU
		{608D7983-89BC-4531-A304-738EFE5466FF}.Debug|Any CPU.ActiveCfg = Debug|Any CPU
		{608D7983-89BC-4531-A304-738EFE5466FF}.Debug|Any CPU.Build.0 = Debug|Any CPU
		{608D7983-89BC-4531-A304-738EFE5466FF}.Release|Any CPU.ActiveCfg = Release|Any CPU
		{608D7983-89BC-4531-A304-738EFE5466FF}.Release|Any CPU.Build.0 = Release|Any CPU
	EndGlobalSection
	GlobalSection(SolutionProperties) = preSolution
		HideSolutionNode = FALSE
	EndGlobalSection
	GlobalSection(ExtensibilityGlobals) = postSolution
		SolutionGuid = {1353FBB7-7908-4602-ADC3-7DB0BD42280E}
	EndGlobalSection
EndGlobal
